
Microsoft Visual Studio Solution File, Format Version 12.00
# Visual Studio Version 17
VisualStudioVersion = 17.1.32319.34
MinimumVisualStudioVersion = 10.0.40219.1
Project("{FAE04EC0-301F-11D3-BF4B-00C04F79EFBC}") = "NumberFrequency", "NumberFrequency\NumberFrequency.csproj", "{FEAC33A0-A252-41FD-9492-37E5ABCA5DCE}"
EndProject
Global
	GlobalSection(SolutionConfigurationPlatforms) = preSolution
		Debug|Any CPU = Debug|Any CPU
		Release|Any CPU = Release|Any CPU
	EndGlobalSection
	GlobalSection(ProjectConfigurationPlatforms) = postSolution
		{FEAC33A0-A252-41FD-9492-37E5ABCA5DCE}.Debug|Any CPU.ActiveCfg = Debug|Any CPU
		{FEAC33A0-A252-41FD-9492-37E5ABCA5DCE}.Debug|Any CPU.Build.0 = Debug|Any CPU
		{FEAC33A0-A252-41FD-9492-37E5ABCA5DCE}.Release|Any CPU.ActiveCfg = Release|Any CPU
		{FEAC33A0-A252-41FD-9492-37E5ABCA5DCE}.Release|Any CPU.Build.0 = Release|Any CPU
	EndGlobalSection
	GlobalSection(SolutionProperties) = preSolution
		HideSolutionNode = FALSE
	EndGlobalSection
	GlobalSection(ExtensibilityGlobals) = postSolution
		SolutionGuid = {7CD1CA83-3577-41F7-9E6F-C7714C20561B}
	EndGlobalSection
EndGlobal
